
Microsoft Visual Studio Solution File, Format Version 12.00
# Visual Studio Version 16
VisualStudioVersion = 16.6.30114.105
MinimumVisualStudioVersion = 10.0.40219.1
Project("{FAE04EC0-301F-11D3-BF4B-00C04F79EFBC}") = "Domain", "Domain\Domain.csproj", "{CFC95648-923A-4DCA-92D6-75FCC6F3C4E5}"
EndProject
Project("{FAE04EC0-301F-11D3-BF4B-00C04F79EFBC}") = "Application", "Application\Application.csproj", "{BB3EF343-DECA-4A26-AC80-F1C2639DEF84}"
EndProject
Project("{FAE04EC0-301F-11D3-BF4B-00C04F79EFBC}") = "Persistence", "Persistence\Persistence.csproj", "{1D3450FE-3A5D-4897-8955-33E8D35AA958}"
EndProject
Project("{FAE04EC0-301F-11D3-BF4B-00C04F79EFBC}") = "API", "API\API.csproj", "{18041CDC-5849-426A-82A5-21BDC52FEEC6}"
EndProject
Global
	GlobalSection(SolutionConfigurationPlatforms) = preSolution
		Debug|Any CPU = Debug|Any CPU
		Debug|x64 = Debug|x64
		Debug|x86 = Debug|x86
		Release|Any CPU = Release|Any CPU
		Release|x64 = Release|x64
		Release|x86 = Release|x86
	EndGlobalSection
	GlobalSection(SolutionProperties) = preSolution
		HideSolutionNode = FALSE
	EndGlobalSection
	GlobalSection(ProjectConfigurationPlatforms) = postSolution
		{CFC95648-923A-4DCA-92D6-75FCC6F3C4E5}.Debug|Any CPU.ActiveCfg = Debug|Any CPU
		{CFC95648-923A-4DCA-92D6-75FCC6F3C4E5}.Debug|Any CPU.Build.0 = Debug|Any CPU
		{CFC95648-923A-4DCA-92D6-75FCC6F3C4E5}.Debug|x64.ActiveCfg = Debug|Any CPU
		{CFC95648-923A-4DCA-92D6-75FCC6F3C4E5}.Debug|x64.Build.0 = Debug|Any CPU
		{CFC95648-923A-4DCA-92D6-75FCC6F3C4E5}.Debug|x86.ActiveCfg = Debug|Any CPU
		{CFC95648-923A-4DCA-92D6-75FCC6F3C4E5}.Debug|x86.Build.0 = Debug|Any CPU
		{CFC95648-923A-4DCA-92D6-75FCC6F3C4E5}.Release|Any CPU.ActiveCfg = Release|Any CPU
		{CFC95648-923A-4DCA-92D6-75FCC6F3C4E5}.Release|Any CPU.Build.0 = Release|Any CPU
		{CFC95648-923A-4DCA-92D6-75FCC6F3C4E5}.Release|x64.ActiveCfg = Release|Any CPU
		{CFC95648-923A-4DCA-92D6-75FCC6F3C4E5}.Release|x64.Build.0 = Release|Any CPU
		{CFC95648-923A-4DCA-92D6-75FCC6F3C4E5}.Release|x86.ActiveCfg = Release|Any CPU
		{CFC95648-923A-4DCA-92D6-75FCC6F3C4E5}.Release|x86.Build.0 = Release|Any CPU
		{BB3EF343-DECA-4A26-AC80-F1C2639DEF84}.Debug|Any CPU.ActiveCfg = Debug|Any CPU
		{BB3EF343-DECA-4A26-AC80-F1C2639DEF84}.Debug|Any CPU.Build.0 = Debug|Any CPU
		{BB3EF343-DECA-4A26-AC80-F1C2639DEF84}.Debug|x64.ActiveCfg = Debug|Any CPU
		{BB3EF343-DECA-4A26-AC80-F1C2639DEF84}.Debug|x64.Build.0 = Debug|Any CPU
		{BB3EF343-DECA-4A26-AC80-F1C2639DEF84}.Debug|x86.ActiveCfg = Debug|Any CPU
		{BB3EF343-DECA-4A26-AC80-F1C2639DEF84}.Debug|x86.Build.0 = Debug|Any CPU
		{BB3EF343-DECA-4A26-AC80-F1C2639DEF84}.Release|Any CPU.ActiveCfg = Release|Any CPU
		{BB3EF343-DECA-4A26-AC80-F1C2639DEF84}.Release|Any CPU.Build.0 = Release|Any CPU
		{BB3EF343-DECA-4A26-AC80-F1C2639DEF84}.Release|x64.ActiveCfg = Release|Any CPU
		{BB3EF343-DECA-4A26-AC80-F1C2639DEF84}.Release|x64.Build.0 = Release|Any CPU
		{BB3EF343-DECA-4A26-AC80-F1C2639DEF84}.Release|x86.ActiveCfg = Release|Any CPU
		{BB3EF343-DECA-4A26-AC80-F1C2639DEF84}.Release|x86.Build.0 = Release|Any CPU
		{1D3450FE-3A5D-4897-8955-33E8D35AA958}.Debug|Any CPU.ActiveCfg = Debug|Any CPU
		{1D3450FE-3A5D-4897-8955-33E8D35AA958}.Debug|Any CPU.Build.0 = Debug|Any CPU
		{1D3450FE-3A5D-4897-8955-33E8D35AA958}.Debug|x64.ActiveCfg = Debug|Any CPU
		{1D3450FE-3A5D-4897-8955-33E8D35AA958}.Debug|x64.Build.0 = Debug|Any CPU
		{1D3450FE-3A5D-4897-8955-33E8D35AA958}.Debug|x86.ActiveCfg = Debug|Any CPU
		{1D3450FE-3A5D-4897-8955-33E8D35AA958}.Debug|x86.Build.0 = Debug|Any CPU
		{1D3450FE-3A5D-4897-8955-33E8D35AA958}.Release|Any CPU.ActiveCfg = Release|Any CPU
		{1D3450FE-3A5D-4897-8955-33E8D35AA958}.Release|Any CPU.Build.0 = Release|Any CPU
		{1D3450FE-3A5D-4897-8955-33E8D35AA958}.Release|x64.ActiveCfg = Release|Any CPU
		{1D3450FE-3A5D-4897-8955-33E8D35AA958}.Release|x64.Build.0 = Release|Any CPU
		{1D3450FE-3A5D-4897-8955-33E8D35AA958}.Release|x86.ActiveCfg = Release|Any CPU
		{1D3450FE-3A5D-4897-8955-33E8D35AA958}.Release|x86.Build.0 = Release|Any CPU
		{18041CDC-5849-426A-82A5-21BDC52FEEC6}.Debug|Any CPU.ActiveCfg = Debug|Any CPU
		{18041CDC-5849-426A-82A5-21BDC52FEEC6}.Debug|Any CPU.Build.0 = Debug|Any CPU
		{18041CDC-5849-426A-82A5-21BDC52FEEC6}.Debug|x64.ActiveCfg = Debug|Any CPU
		{18041CDC-5849-426A-82A5-21BDC52FEEC6}.Debug|x64.Build.0 = Debug|Any CPU
		{18041CDC-5849-426A-82A5-21BDC52FEEC6}.Debug|x86.ActiveCfg = Debug|Any CPU
		{18041CDC-5849-426A-82A5-21BDC52FEEC6}.Debug|x86.Build.0 = Debug|Any CPU
		{18041CDC-5849-426A-82A5-21BDC52FEEC6}.Release|Any CPU.ActiveCfg = Release|Any CPU
		{18041CDC-5849-426A-82A5-21BDC52FEEC6}.Release|Any CPU.Build.0 = Release|Any CPU
		{18041CDC-5849-426A-82A5-21BDC52FEEC6}.Release|x64.ActiveCfg = Release|Any CPU
		{18041CDC-5849-426A-82A5-21BDC52FEEC6}.Release|x64.Build.0 = Release|Any CPU
		{18041CDC-5849-426A-82A5-21BDC52FEEC6}.Release|x86.ActiveCfg = Release|Any CPU
		{18041CDC-5849-426A-82A5-21BDC52FEEC6}.Release|x86.Build.0 = Release|Any CPU
	EndGlobalSection
EndGlobal
